
Microsoft Visual Studio Solution File, Format Version 12.00
# Visual Studio Version 17
VisualStudioVersion = 17.8.34525.116
MinimumVisualStudioVersion = 10.0.40219.1
Project("{9A19103F-16F7-4668-BE54-9A1E7A4F7556}") = "Mayor de 3 muneros", "Tarea Semana 3\Mayor de 3 muneros.csproj", "{620281AD-0D31-4C30-86D0-94913EA9230C}"
EndProject
Project("{2150E333-8FDC-42A3-9474-1A3956D46DE8}") = "Elementos de la solución", "Elementos de la solución", "{972A34AC-0D6E-4F61-9D67-81AD5C35581A}"
EndProject
Project("{FAE04EC0-301F-11D3-BF4B-00C04F79EFBC}") = "Validación de edad", "Programa\Validación de edad.csproj", "{843752C7-F1B6-4EEE-A0DF-12C484C5AB5A}"
EndProject
Project("{FAE04EC0-301F-11D3-BF4B-00C04F79EFBC}") = "Usuariovalidación", "Usuariovalidación\Usuariovalidación.csproj", "{D2883E80-EEA6-43A5-ADF3-7F0954ECD275}"
EndProject
Project("{FAE04EC0-301F-11D3-BF4B-00C04F79EFBC}") = "Par o impar", "Par o impar\Par o impar.csproj", "{F8BA3D74-1751-4E61-AAEA-24CCA62176E7}"
EndProject
Project("{FAE04EC0-301F-11D3-BF4B-00C04F79EFBC}") = "aprobación de prestamo", "aprobación de prestamo\aprobación de prestamo.csproj", "{249034D7-0743-422A-A9E1-6F14EE292A0B}"
EndProject
Global
	GlobalSection(SolutionConfigurationPlatforms) = preSolution
		Debug|Any CPU = Debug|Any CPU
		Release|Any CPU = Release|Any CPU
	EndGlobalSection
	GlobalSection(ProjectConfigurationPlatforms) = postSolution
		{620281AD-0D31-4C30-86D0-94913EA9230C}.Debug|Any CPU.ActiveCfg = Debug|Any CPU
		{620281AD-0D31-4C30-86D0-94913EA9230C}.Debug|Any CPU.Build.0 = Debug|Any CPU
		{620281AD-0D31-4C30-86D0-94913EA9230C}.Release|Any CPU.ActiveCfg = Release|Any CPU
		{620281AD-0D31-4C30-86D0-94913EA9230C}.Release|Any CPU.Build.0 = Release|Any CPU
		{843752C7-F1B6-4EEE-A0DF-12C484C5AB5A}.Debug|Any CPU.ActiveCfg = Debug|Any CPU
		{843752C7-F1B6-4EEE-A0DF-12C484C5AB5A}.Debug|Any CPU.Build.0 = Debug|Any CPU
		{843752C7-F1B6-4EEE-A0DF-12C484C5AB5A}.Release|Any CPU.ActiveCfg = Release|Any CPU
		{843752C7-F1B6-4EEE-A0DF-12C484C5AB5A}.Release|Any CPU.Build.0 = Release|Any CPU
		{D2883E80-EEA6-43A5-ADF3-7F0954ECD275}.Debug|Any CPU.ActiveCfg = Debug|Any CPU
		{D2883E80-EEA6-43A5-ADF3-7F0954ECD275}.Debug|Any CPU.Build.0 = Debug|Any CPU
		{D2883E80-EEA6-43A5-ADF3-7F0954ECD275}.Release|Any CPU.ActiveCfg = Release|Any CPU
		{D2883E80-EEA6-43A5-ADF3-7F0954ECD275}.Release|Any CPU.Build.0 = Release|Any CPU
		{F8BA3D74-1751-4E61-AAEA-24CCA62176E7}.Debug|Any CPU.ActiveCfg = Debug|Any CPU
		{F8BA3D74-1751-4E61-AAEA-24CCA62176E7}.Debug|Any CPU.Build.0 = Debug|Any CPU
		{F8BA3D74-1751-4E61-AAEA-24CCA62176E7}.Release|Any CPU.ActiveCfg = Release|Any CPU
		{F8BA3D74-1751-4E61-AAEA-24CCA62176E7}.Release|Any CPU.Build.0 = Release|Any CPU
		{249034D7-0743-422A-A9E1-6F14EE292A0B}.Debug|Any CPU.ActiveCfg = Debug|Any CPU
		{249034D7-0743-422A-A9E1-6F14EE292A0B}.Debug|Any CPU.Build.0 = Debug|Any CPU
		{249034D7-0743-422A-A9E1-6F14EE292A0B}.Release|Any CPU.ActiveCfg = Release|Any CPU
		{249034D7-0743-422A-A9E1-6F14EE292A0B}.Release|Any CPU.Build.0 = Release|Any CPU
	EndGlobalSection
	GlobalSection(SolutionProperties) = preSolution
		HideSolutionNode = FALSE
	EndGlobalSection
	GlobalSection(ExtensibilityGlobals) = postSolution
		SolutionGuid = {4C33F65F-56CF-42ED-BD13-32CE95B857A7}
	EndGlobalSection
EndGlobal
